
Microsoft Visual Studio Solution File, Format Version 12.00
# Visual Studio 15
VisualStudioVersion = 15.0.28307.271
MinimumVisualStudioVersion = 10.0.40219.1
Project("{9A19103F-16F7-4668-BE54-9A1E7A4F7556}") = "EfSamurai.Data", "Ef.Samurai.Data\EfSamurai.Data.csproj", "{8C9012AB-FF94-4851-83EA-3EEDE614509A}"
EndProject
Project("{9A19103F-16F7-4668-BE54-9A1E7A4F7556}") = "EfSamurai.Domain", "Ef.Samurai.Domain\EfSamurai.Domain.csproj", "{B1666ACF-2A2D-4D5C-95E4-94B4F7F6C552}"
EndProject
Global
	GlobalSection(SolutionConfigurationPlatforms) = preSolution
		Debug|Any CPU = Debug|Any CPU
		Release|Any CPU = Release|Any CPU
	EndGlobalSection
	GlobalSection(ProjectConfigurationPlatforms) = postSolution
		{8C9012AB-FF94-4851-83EA-3EEDE614509A}.Debug|Any CPU.ActiveCfg = Debug|Any CPU
		{8C9012AB-FF94-4851-83EA-3EEDE614509A}.Debug|Any CPU.Build.0 = Debug|Any CPU
		{8C9012AB-FF94-4851-83EA-3EEDE614509A}.Release|Any CPU.ActiveCfg = Release|Any CPU
		{8C9012AB-FF94-4851-83EA-3EEDE614509A}.Release|Any CPU.Build.0 = Release|Any CPU
		{B1666ACF-2A2D-4D5C-95E4-94B4F7F6C552}.Debug|Any CPU.ActiveCfg = Debug|Any CPU
		{B1666ACF-2A2D-4D5C-95E4-94B4F7F6C552}.Debug|Any CPU.Build.0 = Debug|Any CPU
		{B1666ACF-2A2D-4D5C-95E4-94B4F7F6C552}.Release|Any CPU.ActiveCfg = Release|Any CPU
		{B1666ACF-2A2D-4D5C-95E4-94B4F7F6C552}.Release|Any CPU.Build.0 = Release|Any CPU
	EndGlobalSection
	GlobalSection(SolutionProperties) = preSolution
		HideSolutionNode = FALSE
	EndGlobalSection
	GlobalSection(ExtensibilityGlobals) = postSolution
		SolutionGuid = {667389DB-184F-42A6-877C-BF716C13CB3B}
	EndGlobalSection
EndGlobal
